// !$*UTF8*$!
{
	archiveVersion = 1;
	classes = {
	};
	objectVersion = 48;
	objects = {

/* Begin PBXBuildFile section */
		2C218C062303E996003737CF /* AppDelegate.swift in Sources */ = {isa = PBXBuildFile; fileRef = 2C218C052303E996003737CF /* AppDelegate.swift */; };
		2C218C082303E996003737CF /* FirstViewController.swift in Sources */ = {isa = PBXBuildFile; fileRef = 2C218C072303E996003737CF /* FirstViewController.swift */; };
		2C218C0B2303E996003737CF /* Main.storyboard in Resources */ = {isa = PBXBuildFile; fileRef = 2C218C092303E996003737CF /* Main.storyboard */; };
		2C218C0D2303E996003737CF /* Assets.xcassets in Resources */ = {isa = PBXBuildFile; fileRef = 2C218C0C2303E996003737CF /* Assets.xcassets */; };
		2C218C102303E996003737CF /* LaunchScreen.storyboard in Resources */ = {isa = PBXBuildFile; fileRef = 2C218C0E2303E996003737CF /* LaunchScreen.storyboard */; };
		2C218C382303F2E2003737CF /* CityTableViewCell.swift in Sources */ = {isa = PBXBuildFile; fileRef = 2C218C372303F2E2003737CF /* CityTableViewCell.swift */; };
		2C218C3A2303F310003737CF /* SecondViewController.swift in Sources */ = {isa = PBXBuildFile; fileRef = 2C218C392303F310003737CF /* SecondViewController.swift */; };
		2C218C3C2303F319003737CF /* ThirdViewController.swift in Sources */ = {isa = PBXBuildFile; fileRef = 2C218C3B2303F319003737CF /* ThirdViewController.swift */; };
		2C218C3E2303F357003737CF /* Weather.swift in Sources */ = {isa = PBXBuildFile; fileRef = 2C218C3D2303F357003737CF /* Weather.swift */; };
		2C218C402303F6AB003737CF /* Country.swift in Sources */ = {isa = PBXBuildFile; fileRef = 2C218C3F2303F6AB003737CF /* Country.swift */; };
/* End PBXBuildFile section */

/* Begin PBXFileReference section */
		2C218C022303E996003737CF /* WeatherToday.app */ = {isa = PBXFileReference; explicitFileType = wrapper.application; includeInIndex = 0; path = WeatherToday.app; sourceTree = BUILT_PRODUCTS_DIR; };
		2C218C052303E996003737CF /* AppDelegate.swift */ = {isa = PBXFileReference; lastKnownFileType = sourcecode.swift; path = AppDelegate.swift; sourceTree = "<group>"; };
		2C218C072303E996003737CF /* FirstViewController.swift */ = {isa = PBXFileReference; lastKnownFileType = sourcecode.swift; path = FirstViewController.swift; sourceTree = "<group>"; };
		2C218C0A2303E996003737CF /* Base */ = {isa = PBXFileReference; lastKnownFileType = file.storyboard; name = Base; path = Base.lproj/Main.storyboard; sourceTree = "<group>"; };
		2C218C0C2303E996003737CF /* Assets.xcassets */ = {isa = PBXFileReference; lastKnownFileType = folder.assetcatalog; path = Assets.xcassets; sourceTree = "<group>"; };
		2C218C0F2303E996003737CF /* Base */ = {isa = PBXFileReference; lastKnownFileType = file.storyboard; name = Base; path = Base.lproj/LaunchScreen.storyboard; sourceTree = "<group>"; };
		2C218C112303E996003737CF /* Info.plist */ = {isa = PBXFileReference; lastKnownFileType = text.plist.xml; path = Info.plist; sourceTree = "<group>"; };
		2C218C372303F2E2003737CF /* CityTableViewCell.swift */ = {isa = PBXFileReference; lastKnownFileType = sourcecode.swift; path = CityTableViewCell.swift; sourceTree = "<group>"; };
		2C218C392303F310003737CF /* SecondViewController.swift */ = {isa = PBXFileReference; lastKnownFileType = sourcecode.swift; path = SecondViewController.swift; sourceTree = "<group>"; };
		2C218C3B2303F319003737CF /* ThirdViewController.swift */ = {isa = PBXFileReference; lastKnownFileType = sourcecode.swift; path = ThirdViewController.swift; sourceTree = "<group>"; };
		2C218C3D2303F357003737CF /* Weather.swift */ = {isa = PBXFileReference; lastKnownFileType = sourcecode.swift; path = Weather.swift; sourceTree = "<group>"; };
		2C218C3F2303F6AB003737CF /* Country.swift */ = {isa = PBXFileReference; lastKnownFileType = sourcecode.swift; path = Country.swift; sourceTree = "<group>"; };
/* End PBXFileReference section */

/* Begin PBXFrameworksBuildPhase section */
		2C218BFF2303E996003737CF /* Frameworks */ = {
			isa = PBXFrameworksBuildPhase;
			buildActionMask = 2147483647;
			files = (
			);
			runOnlyForDeploymentPostprocessing = 0;
		};
/* End PBXFrameworksBuildPhase section */

/* Begin PBXGroup section */
		2C218BF92303E996003737CF = {
			isa = PBXGroup;
			children = (
				2C218C042303E996003737CF /* WeatherToday */,
				2C218C032303E996003737CF /* Products */,
			);
			sourceTree = "<group>";
		};
		2C218C032303E996003737CF /* Products */ = {
			isa = PBXGroup;
			children = (
				2C218C022303E996003737CF /* WeatherToday.app */,
			);
			name = Products;
			sourceTree = "<group>";
		};
		2C218C042303E996003737CF /* WeatherToday */ = {
			isa = PBXGroup;
			children = (
				2C218C052303E996003737CF /* AppDelegate.swift */,
				2C218C092303E996003737CF /* Main.storyboard */,
				2C218C072303E996003737CF /* FirstViewController.swift */,
				2C218C392303F310003737CF /* SecondViewController.swift */,
				2C218C3B2303F319003737CF /* ThirdViewController.swift */,
				2C218C372303F2E2003737CF /* CityTableViewCell.swift */,
				2C218C3D2303F357003737CF /* Weather.swift */,
				2C218C3F2303F6AB003737CF /* Country.swift */,
				2C218C0C2303E996003737CF /* Assets.xcassets */,
				2C218C0E2303E996003737CF /* LaunchScreen.storyboard */,
				2C218C112303E996003737CF /* Info.plist */,
			);
			path = WeatherToday;
			sourceTree = "<group>";
		};
/* End PBXGroup section */

/* Begin PBXNativeTarget section */
		2C218C012303E996003737CF /* WeatherToday */ = {
			isa = PBXNativeTarget;
			buildConfigurationList = 2C218C142303E996003737CF /* Build configuration list for PBXNativeTarget "WeatherToday" */;
			buildPhases = (
				2C218BFE2303E996003737CF /* Sources */,
				2C218BFF2303E996003737CF /* Frameworks */,
				2C218C002303E996003737CF /* Resources */,
			);
			buildRules = (
			);
			dependencies = (
			);
			name = WeatherToday;
			productName = WeatherToday;
			productReference = 2C218C022303E996003737CF /* WeatherToday.app */;
			productType = "com.apple.product-type.application";
		};
/* End PBXNativeTarget section */

/* Begin PBXProject section */
		2C218BFA2303E996003737CF /* Project object */ = {
			isa = PBXProject;
			attributes = {
				LastSwiftUpdateCheck = 0920;
				LastUpgradeCheck = 0920;
				ORGANIZATIONNAME = rcr;
				TargetAttributes = {
					2C218C012303E996003737CF = {
						CreatedOnToolsVersion = 9.2;
						ProvisioningStyle = Automatic;
					};
				};
			};
			buildConfigurationList = 2C218BFD2303E996003737CF /* Build configuration list for PBXProject "WeatherToday" */;
			compatibilityVersion = "Xcode 8.0";
			developmentRegion = en;
			hasScannedForEncodings = 0;
			knownRegions = (
				en,
				Base,
			);
			mainGroup = 2C218BF92303E996003737CF;
			productRefGroup = 2C218C032303E996003737CF /* Products */;
			projectDirPath = "";
			projectRoot = "";
			targets = (
				2C218C012303E996003737CF /* WeatherToday */,
			);
		};
/* End PBXProject section */

/* Begin PBXResourcesBuildPhase section */
		2C218C002303E996003737CF /* Resources */ = {
			isa = PBXResourcesBuildPhase;
			buildActionMask = 2147483647;
			files = (
				2C218C102303E996003737CF /* LaunchScreen.storyboard in Resources */,
				2C218C0D2303E996003737CF /* Assets.xcassets in Resources */,
				2C218C0B2303E996003737CF /* Main.storyboard in Resources */,
			);
			runOnlyForDeploymentPostprocessing = 0;
		};
/* End PBXResourcesBuildPhase section */

/* Begin PBXSourcesBuildPhase section */
		2C218BFE2303E996003737CF /* Sources */ = {
			isa = PBXSourcesBuildPhase;
			buildActionMask = 2147483647;
			files = (
				2C218C082303E996003737CF /* FirstViewController.swift in Sources */,
				2C218C382303F2E2003737CF /* CityTableViewCell.swift in Sources */,
				2C218C3A2303F310003737CF /* SecondViewController.swift in Sources */,
				2C218C3C2303F319003737CF /* ThirdViewController.swift in Sources */,
				2C218C062303E996003737CF /* AppDelegate.swift in Sources */,
				2C218C402303F6AB003737CF /* Country.swift in Sources */,
				2C218C3E2303F357003737CF /* Weather.swift in Sources */,
			);
			runOnlyForDeploymentPostprocessing = 0;
		};
/* End PBXSourcesBuildPhase section */

/* Begin PBXVariantGroup section */
		2C218C092303E996003737CF /* Main.storyboard */ = {
			isa = PBXVariantGroup;
			children = (
				2C218C0A2303E996003737CF /* Base */,
			);
			name = Main.storyboard;
			sourceTree = "<group>";
		};
		2C218C0E2303E996003737CF /* LaunchScreen.storyboard */ = {
			isa = PBXVariantGroup;
			children = (
				2C218C0F2303E996003737CF /* Base */,
			);
			name = LaunchScreen.storyboard;
			sourceTree = "<group>";
		};
/* End PBXVariantGroup section */

/* Begin XCBuildConfiguration section */
		2C218C122303E996003737CF /* Debug */ = {
			isa = XCBuildConfiguration;
			buildSettings = {
				ALWAYS_SEARCH_USER_PATHS = NO;
				CLANG_ANALYZER_NONNULL = YES;
				CLANG_ANALYZER_NUMBER_OBJECT_CONVERSION = YES_AGGRESSIVE;
				CLANG_CXX_LANGUAGE_STANDARD = "gnu++14";
				CLANG_CXX_LIBRARY = "libc++";
				CLANG_ENABLE_MODULES = YES;
				CLANG_ENABLE_OBJC_ARC = YES;
				CLANG_WARN_BLOCK_CAPTURE_AUTORELEASING = YES;
				CLANG_WARN_BOOL_CONVERSION = YES;
				CLANG_WARN_COMMA = YES;
				CLANG_WARN_CONSTANT_CONVERSION = YES;
				CLANG_WARN_DIRECT_OBJC_ISA_USAGE = YES_ERROR;
				CLANG_WARN_DOCUMENTATION_COMMENTS = YES;
				CLANG_WARN_EMPTY_BODY = YES;
				CLANG_WARN_ENUM_CONVERSION = YES;
				CLANG_WARN_INFINITE_RECURSION = YES;
				CLANG_WARN_INT_CONVERSION = YES;
				CLANG_WARN_NON_LITERAL_NULL_CONVERSION = YES;
				CLANG_WARN_OBJC_LITERAL_CONVERSION = YES;
				CLANG_WARN_OBJC_ROOT_CLASS = YES_ERROR;
				CLANG_WARN_RANGE_LOOP_ANALYSIS = YES;
				CLANG_WARN_STRICT_PROTOTYPES = YES;
				CLANG_WARN_SUSPICIOUS_MOVE = YES;
				CLANG_WARN_UNGUARDED_AVAILABILITY = YES_AGGRESSIVE;
				CLANG_WARN_UNREACHABLE_CODE = YES;
				CLANG_WARN__DUPLICATE_METHOD_MATCH = YES;
				CODE_SIGN_IDENTITY = "iPhone Developer";
				COPY_PHASE_STRIP = NO;
				DEBUG_INFORMATION_FORMAT = dwarf;
				ENABLE_STRICT_OBJC_MSGSEND = YES;
				ENABLE_TESTABILITY = YES;
				GCC_C_LANGUAGE_STANDARD = gnu11;
				GCC_DYNAMIC_NO_PIC = NO;
				GCC_NO_COMMON_BLOCKS = YES;
				GCC_OPTIMIZATION_LEVEL = 0;
				GCC_PREPROCESSOR_DEFINITIONS = (
					"DEBUG=1",
					"$(inherited)",
				);
				GCC_WARN_64_TO_32_BIT_CONVERSION = YES;
				GCC_WARN_ABOUT_RETURN_TYPE = YES_ERROR;
				GCC_WARN_UNDECLARED_SELECTOR = YES;
				GCC_WARN_UNINITIALIZED_AUTOS = YES_AGGRESSIVE;
				GCC_WARN_UNUSED_FUNCTION = YES;
				GCC_WARN_UNUSED_VARIABLE = YES;
				IPHONEOS_DEPLOYMENT_TARGET = 11.2;
				MTL_ENABLE_DEBUG_INFO = YES;
				ONLY_ACTIVE_ARCH = YES;
				SDKROOT = iphoneos;
				SWIFT_ACTIVE_COMPILATION_CONDITIONS = DEBUG;
				SWIFT_OPTIMIZATION_LEVEL = "-Onone";
			};
			name = Debug;
		};
		2C218C132303E996003737CF /* Release */ = {
			isa = XCBuildConfiguration;
			buildSettings = {
				ALWAYS_SEARCH_USER_PATHS = NO;
				CLANG_ANALYZER_NONNULL = YES;
				CLANG_ANALYZER_NUMBER_OBJECT_CONVERSION = YES_AGGRESSIVE;
				CLANG_CXX_LANGUAGE_STANDARD = "gnu++14";
				CLANG_CXX_LIBRARY = "libc++";
				CLANG_ENABLE_MODULES = YES;
				CLANG_ENABLE_OBJC_ARC = YES;
				CLANG_WARN_BLOCK_CAPTURE_AUTORELEASING = YES;
				CLANG_WARN_BOOL_CONVERSION = YES;
				CLANG_WARN_COMMA = YES;
				CLANG_WARN_CONSTANT_CONVERSION = YES;
				CLANG_WARN_DIRECT_OBJC_ISA_USAGE = YES_ERROR;
				CLANG_WARN_DOCUMENTATION_COMMENTS = YES;
				CLANG_WARN_EMPTY_BODY = YES;
				CLANG_WARN_ENUM_CONVERSION = YES;
				CLANG_WARN_INFINITE_RECURSION = YES;
				CLANG_WARN_INT_CONVERSION = YES;
				CLANG_WARN_NON_LITERAL_NULL_CONVERSION = YES;
				CLANG_WARN_OBJC_LITERAL_CONVERSION = YES;
				CLANG_WARN_OBJC_ROOT_CLASS = YES_ERROR;
				CLANG_WARN_RANGE_LOOP_ANALYSIS = YES;
				CLANG_WARN_STRICT_PROTOTYPES = YES;
				CLANG_WARN_SUSPICIOUS_MOVE = YES;
				CLANG_WARN_UNGUARDED_AVAILABILITY = YES_AGGRESSIVE;
				CLANG_WARN_UNREACHABLE_CODE = YES;
				CLANG_WARN__DUPLICATE_METHOD_MATCH = YES;
				CODE_SIGN_IDENTITY = "iPhone Developer";
				COPY_PHASE_STRIP = NO;
				DEBUG_INFORMATION_FORMAT = "dwarf-with-dsym";
				ENABLE_NS_ASSERTIONS = NO;
				ENABLE_STRICT_OBJC_MSGSEND = YES;
				GCC_C_LANGUAGE_STANDARD = gnu11;
				GCC_NO_COMMON_BLOCKS = YES;
				GCC_WARN_64_TO_32_BIT_CONVERSION = YES;
				GCC_WARN_ABOUT_RETURN_TYPE = YES_ERROR;
				GCC_WARN_UNDECLARED_SELECTOR = YES;
				GCC_WARN_UNINITIALIZED_AUTOS = YES_AGGRESSIVE;
				GCC_WARN_UNUSED_FUNCTION = YES;
				GCC_WARN_UNUSED_VARIABLE = YES;
				IPHONEOS_DEPLOYMENT_TARGET = 11.2;
				MTL_ENABLE_DEBUG_INFO = NO;
				SDKROOT = iphoneos;
				SWIFT_OPTIMIZATION_LEVEL = "-Owholemodule";
				VALIDATE_PRODUCT = YES;
			};
			name = Release;
		};
		2C218C152303E996003737CF /* Debug */ = {
			isa = XCBuildConfiguration;
			buildSettings = {
				ASSETCATALOG_COMPILER_APPICON_NAME = AppIcon;
				CODE_SIGN_STYLE = Automatic;
				INFOPLIST_FILE = WeatherToday/Info.plist;
				LD_RUNPATH_SEARCH_PATHS = "$(inherited) @executable_path/Frameworks";
				PRODUCT_BUNDLE_IDENTIFIER = rcr.WeatherToday;
				PRODUCT_NAME = "$(TARGET_NAME)";
				SWIFT_VERSION = 4.0;
				TARGETED_DEVICE_FAMILY = "1,2";
			};
			name = Debug;
		};
		2C218C162303E996003737CF /* Release */ = {
			isa = XCBuildConfiguration;
			buildSettings = {
				ASSETCATALOG_COMPILER_APPICON_NAME = AppIcon;
				CODE_SIGN_STYLE = Automatic;
				INFOPLIST_FILE = WeatherToday/Info.plist;
				LD_RUNPATH_SEARCH_PATHS = "$(inherited) @executable_path/Frameworks";
				PRODUCT_BUNDLE_IDENTIFIER = rcr.WeatherToday;
				PRODUCT_NAME = "$(TARGET_NAME)";
				SWIFT_VERSION = 4.0;
				TARGETED_DEVICE_FAMILY = "1,2";
			};
			name = Release;
		};
/* End XCBuildConfiguration section */

/* Begin XCConfigurationList section */
		2C218BFD2303E996003737CF /* Build configuration list for PBXProject "WeatherToday" */ = {
			isa = XCConfigurationList;
			buildConfigurations = (
				2C218C122303E996003737CF /* Debug */,
				2C218C132303E996003737CF /* Release */,
			);
			defaultConfigurationIsVisible = 0;
			defaultConfigurationName = Release;
		};
		2C218C142303E996003737CF /* Build configuration list for PBXNativeTarget "WeatherToday" */ = {
			isa = XCConfigurationList;
			buildConfigurations = (
				2C218C152303E996003737CF /* Debug */,
				2C218C162303E996003737CF /* Release */,
			);
			defaultConfigurationIsVisible = 0;
			defaultConfigurationName = Release;
		};
/* End XCConfigurationList section */
	};
	rootObject = 2C218BFA2303E996003737CF /* Project object */;
}
